// !$*UTF8*$!
{
	archiveVersion = 1;
	classes = {
	};
	objectVersion = 56;
	objects = {

/* Begin PBXBuildFile section */
		3F34FE60296C3F93009A8008 /* AppDelegate.swift in Sources */ = {isa = PBXBuildFile; fileRef = 3F34FE5F296C3F93009A8008 /* AppDelegate.swift */; };
		3F34FE62296C3F93009A8008 /* SceneDelegate.swift in Sources */ = {isa = PBXBuildFile; fileRef = 3F34FE61296C3F93009A8008 /* SceneDelegate.swift */; };
		3F34FE64296C3F93009A8008 /* ViewController.swift in Sources */ = {isa = PBXBuildFile; fileRef = 3F34FE63296C3F93009A8008 /* ViewController.swift */; };
		3F34FE67296C3F93009A8008 /* Main.storyboard in Resources */ = {isa = PBXBuildFile; fileRef = 3F34FE65296C3F93009A8008 /* Main.storyboard */; };
		3F34FE69296C3F94009A8008 /* Assets.xcassets in Resources */ = {isa = PBXBuildFile; fileRef = 3F34FE68296C3F94009A8008 /* Assets.xcassets */; };
		3F34FE6C296C3F94009A8008 /* LaunchScreen.storyboard in Resources */ = {isa = PBXBuildFile; fileRef = 3F34FE6A296C3F94009A8008 /* LaunchScreen.storyboard */; };
		3F6EDA63297D929A00EBA08E /* TrackMyTraceViewController.swift in Sources */ = {isa = PBXBuildFile; fileRef = 3F6EDA62297D929A00EBA08E /* TrackMyTraceViewController.swift */; };
		3F7143F42981270E00FD26A5 /* PopupViewController.swift in Sources */ = {isa = PBXBuildFile; fileRef = 3F7143F32981270E00FD26A5 /* PopupViewController.swift */; };
		3F7143F72981273600FD26A5 /* CustomPopupView.swift in Sources */ = {isa = PBXBuildFile; fileRef = 3F7143F52981273600FD26A5 /* CustomPopupView.swift */; };
		3F7143F82981273600FD26A5 /* CustomPopupView.xib in Resources */ = {isa = PBXBuildFile; fileRef = 3F7143F62981273600FD26A5 /* CustomPopupView.xib */; };
		3F96C3E8297E7F3300495EA7 /* Run.storyboard in Resources */ = {isa = PBXBuildFile; fileRef = 3F96C3E7297E7F3300495EA7 /* Run.storyboard */; };
		3FA063E8298028750065935E /* MapViewController.swift in Sources */ = {isa = PBXBuildFile; fileRef = 3FA063E7298028750065935E /* MapViewController.swift */; };
/* End PBXBuildFile section */

/* Begin PBXFileReference section */
		3F34FE5C296C3F93009A8008 /* relay_iOS.app */ = {isa = PBXFileReference; explicitFileType = wrapper.application; includeInIndex = 0; path = relay_iOS.app; sourceTree = BUILT_PRODUCTS_DIR; };
		3F34FE5F296C3F93009A8008 /* AppDelegate.swift */ = {isa = PBXFileReference; lastKnownFileType = sourcecode.swift; path = AppDelegate.swift; sourceTree = "<group>"; };
		3F34FE61296C3F93009A8008 /* SceneDelegate.swift */ = {isa = PBXFileReference; lastKnownFileType = sourcecode.swift; path = SceneDelegate.swift; sourceTree = "<group>"; };
		3F34FE63296C3F93009A8008 /* ViewController.swift */ = {isa = PBXFileReference; lastKnownFileType = sourcecode.swift; path = ViewController.swift; sourceTree = "<group>"; };
		3F34FE66296C3F93009A8008 /* Base */ = {isa = PBXFileReference; lastKnownFileType = file.storyboard; name = Base; path = Base.lproj/Main.storyboard; sourceTree = "<group>"; };
		3F34FE68296C3F94009A8008 /* Assets.xcassets */ = {isa = PBXFileReference; lastKnownFileType = folder.assetcatalog; path = Assets.xcassets; sourceTree = "<group>"; };
		3F34FE6B296C3F94009A8008 /* Base */ = {isa = PBXFileReference; lastKnownFileType = file.storyboard; name = Base; path = Base.lproj/LaunchScreen.storyboard; sourceTree = "<group>"; };
		3F34FE6D296C3F94009A8008 /* Info.plist */ = {isa = PBXFileReference; lastKnownFileType = text.plist.xml; path = Info.plist; sourceTree = "<group>"; };
		3F6EDA62297D929A00EBA08E /* TrackMyTraceViewController.swift */ = {isa = PBXFileReference; lastKnownFileType = sourcecode.swift; name = TrackMyTraceViewController.swift; path = ../TrackMyTraceViewController.swift; sourceTree = "<group>"; };
		3F7143F32981270E00FD26A5 /* PopupViewController.swift */ = {isa = PBXFileReference; fileEncoding = 4; lastKnownFileType = sourcecode.swift; path = PopupViewController.swift; sourceTree = "<group>"; };
		3F7143F52981273600FD26A5 /* CustomPopupView.swift */ = {isa = PBXFileReference; fileEncoding = 4; lastKnownFileType = sourcecode.swift; path = CustomPopupView.swift; sourceTree = "<group>"; };
		3F7143F62981273600FD26A5 /* CustomPopupView.xib */ = {isa = PBXFileReference; fileEncoding = 4; lastKnownFileType = file.xib; path = CustomPopupView.xib; sourceTree = "<group>"; };
		3F96C3E7297E7F3300495EA7 /* Run.storyboard */ = {isa = PBXFileReference; lastKnownFileType = file.storyboard; path = Run.storyboard; sourceTree = "<group>"; };
		3FA063E7298028750065935E /* MapViewController.swift */ = {isa = PBXFileReference; lastKnownFileType = sourcecode.swift; path = MapViewController.swift; sourceTree = "<group>"; };
/* End PBXFileReference section */

/* Begin PBXFrameworksBuildPhase section */
		3F34FE59296C3F93009A8008 /* Frameworks */ = {
			isa = PBXFrameworksBuildPhase;
			buildActionMask = 2147483647;
			files = (
			);
			runOnlyForDeploymentPostprocessing = 0;
		};
/* End PBXFrameworksBuildPhase section */

/* Begin PBXGroup section */
		3F34FE53296C3F93009A8008 = {
			isa = PBXGroup;
			children = (
				3F34FE5E296C3F93009A8008 /* relay_iOS */,
				3F34FE5D296C3F93009A8008 /* Products */,
			);
			sourceTree = "<group>";
		};
		3F34FE5D296C3F93009A8008 /* Products */ = {
			isa = PBXGroup;
			children = (
				3F34FE5C296C3F93009A8008 /* relay_iOS.app */,
			);
			name = Products;
			sourceTree = "<group>";
		};
		3F34FE5E296C3F93009A8008 /* relay_iOS */ = {
			isa = PBXGroup;
			children = (
				3F34FE5F296C3F93009A8008 /* AppDelegate.swift */,
				3F34FE61296C3F93009A8008 /* SceneDelegate.swift */,
				3F34FE63296C3F93009A8008 /* ViewController.swift */,
				3F34FE68296C3F94009A8008 /* Assets.xcassets */,
				3F34FE6A296C3F94009A8008 /* LaunchScreen.storyboard */,
				3F34FE6D296C3F94009A8008 /* Info.plist */,
				3F6EDA62297D929A00EBA08E /* TrackMyTraceViewController.swift */,
				3F96C3E9297E7F4600495EA7 /* View */,
			);
			path = relay_iOS;
			sourceTree = "<group>";
		};
		3F96C3E9297E7F4600495EA7 /* View */ = {
			isa = PBXGroup;
			children = (
				3F34FE65296C3F93009A8008 /* Main.storyboard */,
				3F96C3E7297E7F3300495EA7 /* Run.storyboard */,
				3FA063E7298028750065935E /* MapViewController.swift */,
				3F7143F32981270E00FD26A5 /* PopupViewController.swift */,
				3F7143F52981273600FD26A5 /* CustomPopupView.swift */,
				3F7143F62981273600FD26A5 /* CustomPopupView.xib */,
			);
			path = View;
			sourceTree = "<group>";
		};
/* End PBXGroup section */

/* Begin PBXNativeTarget section */
		3F34FE5B296C3F93009A8008 /* relay_iOS */ = {
			isa = PBXNativeTarget;
			buildConfigurationList = 3F34FE70296C3F94009A8008 /* Build configuration list for PBXNativeTarget "relay_iOS" */;
			buildPhases = (
				3F34FE58296C3F93009A8008 /* Sources */,
				3F34FE59296C3F93009A8008 /* Frameworks */,
				3F34FE5A296C3F93009A8008 /* Resources */,
			);
			buildRules = (
			);
			dependencies = (
			);
			name = relay_iOS;
			productName = relay_iOS;
			productReference = 3F34FE5C296C3F93009A8008 /* relay_iOS.app */;
			productType = "com.apple.product-type.application";
		};
/* End PBXNativeTarget section */

/* Begin PBXProject section */
		3F34FE54296C3F93009A8008 /* Project object */ = {
			isa = PBXProject;
			attributes = {
				BuildIndependentTargetsInParallel = 1;
				LastSwiftUpdateCheck = 1400;
				LastUpgradeCheck = 1400;
				TargetAttributes = {
					3F34FE5B296C3F93009A8008 = {
						CreatedOnToolsVersion = 14.0.1;
					};
				};
			};
			buildConfigurationList = 3F34FE57296C3F93009A8008 /* Build configuration list for PBXProject "relay_iOS" */;
			compatibilityVersion = "Xcode 14.0";
			developmentRegion = en;
			hasScannedForEncodings = 0;
			knownRegions = (
				en,
				Base,
			);
			mainGroup = 3F34FE53296C3F93009A8008;
			productRefGroup = 3F34FE5D296C3F93009A8008 /* Products */;
			projectDirPath = "";
			projectRoot = "";
			targets = (
				3F34FE5B296C3F93009A8008 /* relay_iOS */,
			);
		};
/* End PBXProject section */

/* Begin PBXResourcesBuildPhase section */
		3F34FE5A296C3F93009A8008 /* Resources */ = {
			isa = PBXResourcesBuildPhase;
			buildActionMask = 2147483647;
			files = (
				3F7143F82981273600FD26A5 /* CustomPopupView.xib in Resources */,
				3F34FE6C296C3F94009A8008 /* LaunchScreen.storyboard in Resources */,
				3F34FE69296C3F94009A8008 /* Assets.xcassets in Resources */,
				3F96C3E8297E7F3300495EA7 /* Run.storyboard in Resources */,
				3F34FE67296C3F93009A8008 /* Main.storyboard in Resources */,
			);
			runOnlyForDeploymentPostprocessing = 0;
		};
/* End PBXResourcesBuildPhase section */

/* Begin PBXSourcesBuildPhase section */
		3F34FE58296C3F93009A8008 /* Sources */ = {
			isa = PBXSourcesBuildPhase;
			buildActionMask = 2147483647;
			files = (
				3F6EDA63297D929A00EBA08E /* TrackMyTraceViewController.swift in Sources */,
				3F34FE64296C3F93009A8008 /* ViewController.swift in Sources */,
				3F7143F72981273600FD26A5 /* CustomPopupView.swift in Sources */,
				3F34FE60296C3F93009A8008 /* AppDelegate.swift in Sources */,
				3FA063E8298028750065935E /* MapViewController.swift in Sources */,
				3F34FE62296C3F93009A8008 /* SceneDelegate.swift in Sources */,
				3F7143F42981270E00FD26A5 /* PopupViewController.swift in Sources */,
			);
			runOnlyForDeploymentPostprocessing = 0;
		};
/* End PBXSourcesBuildPhase section */

/* Begin PBXVariantGroup section */
		3F34FE65296C3F93009A8008 /* Main.storyboard */ = {
			isa = PBXVariantGroup;
			children = (
				3F34FE66296C3F93009A8008 /* Base */,
			);
			name = Main.storyboard;
			sourceTree = "<group>";
		};
		3F34FE6A296C3F94009A8008 /* LaunchScreen.storyboard */ = {
			isa = PBXVariantGroup;
			children = (
				3F34FE6B296C3F94009A8008 /* Base */,
			);
			name = LaunchScreen.storyboard;
			sourceTree = "<group>";
		};
/* End PBXVariantGroup section */

/* Begin XCBuildConfiguration section */
		3F34FE6E296C3F94009A8008 /* Debug */ = {
			isa = XCBuildConfiguration;
			buildSettings = {
				ALWAYS_SEARCH_USER_PATHS = NO;
				CLANG_ANALYZER_NONNULL = YES;
				CLANG_ANALYZER_NUMBER_OBJECT_CONVERSION = YES_AGGRESSIVE;
				CLANG_CXX_LANGUAGE_STANDARD = "gnu++20";
				CLANG_ENABLE_MODULES = YES;
				CLANG_ENABLE_OBJC_ARC = YES;
				CLANG_ENABLE_OBJC_WEAK = YES;
				CLANG_WARN_BLOCK_CAPTURE_AUTORELEASING = YES;
				CLANG_WARN_BOOL_CONVERSION = YES;
				CLANG_WARN_COMMA = YES;
				CLANG_WARN_CONSTANT_CONVERSION = YES;
				CLANG_WARN_DEPRECATED_OBJC_IMPLEMENTATIONS = YES;
				CLANG_WARN_DIRECT_OBJC_ISA_USAGE = YES_ERROR;
				CLANG_WARN_DOCUMENTATION_COMMENTS = YES;
				CLANG_WARN_EMPTY_BODY = YES;
				CLANG_WARN_ENUM_CONVERSION = YES;
				CLANG_WARN_INFINITE_RECURSION = YES;
				CLANG_WARN_INT_CONVERSION = YES;
				CLANG_WARN_NON_LITERAL_NULL_CONVERSION = YES;
				CLANG_WARN_OBJC_IMPLICIT_RETAIN_SELF = YES;
				CLANG_WARN_OBJC_LITERAL_CONVERSION = YES;
				CLANG_WARN_OBJC_ROOT_CLASS = YES_ERROR;
				CLANG_WARN_QUOTED_INCLUDE_IN_FRAMEWORK_HEADER = YES;
				CLANG_WARN_RANGE_LOOP_ANALYSIS = YES;
				CLANG_WARN_STRICT_PROTOTYPES = YES;
				CLANG_WARN_SUSPICIOUS_MOVE = YES;
				CLANG_WARN_UNGUARDED_AVAILABILITY = YES_AGGRESSIVE;
				CLANG_WARN_UNREACHABLE_CODE = YES;
				CLANG_WARN__DUPLICATE_METHOD_MATCH = YES;
				COPY_PHASE_STRIP = NO;
				DEBUG_INFORMATION_FORMAT = dwarf;
				ENABLE_STRICT_OBJC_MSGSEND = YES;
				ENABLE_TESTABILITY = YES;
				GCC_C_LANGUAGE_STANDARD = gnu11;
				GCC_DYNAMIC_NO_PIC = NO;
				GCC_NO_COMMON_BLOCKS = YES;
				GCC_OPTIMIZATION_LEVEL = 0;
				GCC_PREPROCESSOR_DEFINITIONS = (
					"DEBUG=1",
					"$(inherited)",
				);
				GCC_WARN_64_TO_32_BIT_CONVERSION = YES;
				GCC_WARN_ABOUT_RETURN_TYPE = YES_ERROR;
				GCC_WARN_UNDECLARED_SELECTOR = YES;
				GCC_WARN_UNINITIALIZED_AUTOS = YES_AGGRESSIVE;
				GCC_WARN_UNUSED_FUNCTION = YES;
				GCC_WARN_UNUSED_VARIABLE = YES;
				IPHONEOS_DEPLOYMENT_TARGET = 16.0;
				MTL_ENABLE_DEBUG_INFO = INCLUDE_SOURCE;
				MTL_FAST_MATH = YES;
				ONLY_ACTIVE_ARCH = YES;
				SDKROOT = iphoneos;
				SWIFT_ACTIVE_COMPILATION_CONDITIONS = DEBUG;
				SWIFT_OPTIMIZATION_LEVEL = "-Onone";
			};
			name = Debug;
		};
		3F34FE6F296C3F94009A8008 /* Release */ = {
			isa = XCBuildConfiguration;
			buildSettings = {
				ALWAYS_SEARCH_USER_PATHS = NO;
				CLANG_ANALYZER_NONNULL = YES;
				CLANG_ANALYZER_NUMBER_OBJECT_CONVERSION = YES_AGGRESSIVE;
				CLANG_CXX_LANGUAGE_STANDARD = "gnu++20";
				CLANG_ENABLE_MODULES = YES;
				CLANG_ENABLE_OBJC_ARC = YES;
				CLANG_ENABLE_OBJC_WEAK = YES;
				CLANG_WARN_BLOCK_CAPTURE_AUTORELEASING = YES;
				CLANG_WARN_BOOL_CONVERSION = YES;
				CLANG_WARN_COMMA = YES;
				CLANG_WARN_CONSTANT_CONVERSION = YES;
				CLANG_WARN_DEPRECATED_OBJC_IMPLEMENTATIONS = YES;
				CLANG_WARN_DIRECT_OBJC_ISA_USAGE = YES_ERROR;
				CLANG_WARN_DOCUMENTATION_COMMENTS = YES;
				CLANG_WARN_EMPTY_BODY = YES;
				CLANG_WARN_ENUM_CONVERSION = YES;
				CLANG_WARN_INFINITE_RECURSION = YES;
				CLANG_WARN_INT_CONVERSION = YES;
				CLANG_WARN_NON_LITERAL_NULL_CONVERSION = YES;
				CLANG_WARN_OBJC_IMPLICIT_RETAIN_SELF = YES;
				CLANG_WARN_OBJC_LITERAL_CONVERSION = YES;
				CLANG_WARN_OBJC_ROOT_CLASS = YES_ERROR;
				CLANG_WARN_QUOTED_INCLUDE_IN_FRAMEWORK_HEADER = YES;
				CLANG_WARN_RANGE_LOOP_ANALYSIS = YES;
				CLANG_WARN_STRICT_PROTOTYPES = YES;
				CLANG_WARN_SUSPICIOUS_MOVE = YES;
				CLANG_WARN_UNGUARDED_AVAILABILITY = YES_AGGRESSIVE;
				CLANG_WARN_UNREACHABLE_CODE = YES;
				CLANG_WARN__DUPLICATE_METHOD_MATCH = YES;
				COPY_PHASE_STRIP = NO;
				DEBUG_INFORMATION_FORMAT = "dwarf-with-dsym";
				ENABLE_NS_ASSERTIONS = NO;
				ENABLE_STRICT_OBJC_MSGSEND = YES;
				GCC_C_LANGUAGE_STANDARD = gnu11;
				GCC_NO_COMMON_BLOCKS = YES;
				GCC_WARN_64_TO_32_BIT_CONVERSION = YES;
				GCC_WARN_ABOUT_RETURN_TYPE = YES_ERROR;
				GCC_WARN_UNDECLARED_SELECTOR = YES;
				GCC_WARN_UNINITIALIZED_AUTOS = YES_AGGRESSIVE;
				GCC_WARN_UNUSED_FUNCTION = YES;
				GCC_WARN_UNUSED_VARIABLE = YES;
				IPHONEOS_DEPLOYMENT_TARGET = 16.0;
				MTL_ENABLE_DEBUG_INFO = NO;
				MTL_FAST_MATH = YES;
				SDKROOT = iphoneos;
				SWIFT_COMPILATION_MODE = wholemodule;
				SWIFT_OPTIMIZATION_LEVEL = "-O";
				VALIDATE_PRODUCT = YES;
			};
			name = Release;
		};
		3F34FE71296C3F94009A8008 /* Debug */ = {
			isa = XCBuildConfiguration;
			buildSettings = {
				ASSETCATALOG_COMPILER_APPICON_NAME = AppIcon;
				ASSETCATALOG_COMPILER_GLOBAL_ACCENT_COLOR_NAME = AccentColor;
				CODE_SIGN_STYLE = Automatic;
				CURRENT_PROJECT_VERSION = 1;
				GENERATE_INFOPLIST_FILE = YES;
				INFOPLIST_FILE = relay_iOS/Info.plist;
				INFOPLIST_KEY_UIApplicationSupportsIndirectInputEvents = YES;
				INFOPLIST_KEY_UILaunchStoryboardName = LaunchScreen;
				INFOPLIST_KEY_UIMainStoryboardFile = Main;
				INFOPLIST_KEY_UISupportedInterfaceOrientations_iPad = "UIInterfaceOrientationPortrait UIInterfaceOrientationPortraitUpsideDown UIInterfaceOrientationLandscapeLeft UIInterfaceOrientationLandscapeRight";
				INFOPLIST_KEY_UISupportedInterfaceOrientations_iPhone = "UIInterfaceOrientationPortrait UIInterfaceOrientationLandscapeLeft UIInterfaceOrientationLandscapeRight";
				LD_RUNPATH_SEARCH_PATHS = (
					"$(inherited)",
					"@executable_path/Frameworks",
				);
				MARKETING_VERSION = 1.0;
				PRODUCT_BUNDLE_IDENTIFIER = "realisshomyang.relay-iOS";
				PRODUCT_NAME = "$(TARGET_NAME)";
				SWIFT_EMIT_LOC_STRINGS = YES;
				SWIFT_VERSION = 5.0;
				TARGETED_DEVICE_FAMILY = "1,2";
			};
			name = Debug;
		};
		3F34FE72296C3F94009A8008 /* Release */ = {
			isa = XCBuildConfiguration;
			buildSettings = {
				ASSETCATALOG_COMPILER_APPICON_NAME = AppIcon;
				ASSETCATALOG_COMPILER_GLOBAL_ACCENT_COLOR_NAME = AccentColor;
				CODE_SIGN_STYLE = Automatic;
				CURRENT_PROJECT_VERSION = 1;
				GENERATE_INFOPLIST_FILE = YES;
				INFOPLIST_FILE = relay_iOS/Info.plist;
				INFOPLIST_KEY_UIApplicationSupportsIndirectInputEvents = YES;
				INFOPLIST_KEY_UILaunchStoryboardName = LaunchScreen;
				INFOPLIST_KEY_UIMainStoryboardFile = Main;
				INFOPLIST_KEY_UISupportedInterfaceOrientations_iPad = "UIInterfaceOrientationPortrait UIInterfaceOrientationPortraitUpsideDown UIInterfaceOrientationLandscapeLeft UIInterfaceOrientationLandscapeRight";
				INFOPLIST_KEY_UISupportedInterfaceOrientations_iPhone = "UIInterfaceOrientationPortrait UIInterfaceOrientationLandscapeLeft UIInterfaceOrientationLandscapeRight";
				LD_RUNPATH_SEARCH_PATHS = (
					"$(inherited)",
					"@executable_path/Frameworks",
				);
				MARKETING_VERSION = 1.0;
				PRODUCT_BUNDLE_IDENTIFIER = "realisshomyang.relay-iOS";
				PRODUCT_NAME = "$(TARGET_NAME)";
				SWIFT_EMIT_LOC_STRINGS = YES;
				SWIFT_VERSION = 5.0;
				TARGETED_DEVICE_FAMILY = "1,2";
			};
			name = Release;
		};
/* End XCBuildConfiguration section */

/* Begin XCConfigurationList section */
		3F34FE57296C3F93009A8008 /* Build configuration list for PBXProject "relay_iOS" */ = {
			isa = XCConfigurationList;
			buildConfigurations = (
				3F34FE6E296C3F94009A8008 /* Debug */,
				3F34FE6F296C3F94009A8008 /* Release */,
			);
			defaultConfigurationIsVisible = 0;
			defaultConfigurationName = Release;
		};
		3F34FE70296C3F94009A8008 /* Build configuration list for PBXNativeTarget "relay_iOS" */ = {
			isa = XCConfigurationList;
			buildConfigurations = (
				3F34FE71296C3F94009A8008 /* Debug */,
				3F34FE72296C3F94009A8008 /* Release */,
			);
			defaultConfigurationIsVisible = 0;
			defaultConfigurationName = Release;
		};
/* End XCConfigurationList section */
	};
	rootObject = 3F34FE54296C3F93009A8008 /* Project object */;
}
